
Microsoft Visual Studio Solution File, Format Version 12.00
# Visual Studio Version 17
VisualStudioVersion = 17.5.33502.453
MinimumVisualStudioVersion = 10.0.40219.1
Project("{FAE04EC0-301F-11D3-BF4B-00C04F79EFBC}") = "BadgesScan", "BadgesScan\BadgesScan.csproj", "{7F4F0B90-6BA0-4095-A83F-13EFDCC1C39D}"
EndProject
Global
	GlobalSection(SolutionConfigurationPlatforms) = preSolution
		Debug|Any CPU = Debug|Any CPU
		Release|Any CPU = Release|Any CPU
	EndGlobalSection
	GlobalSection(ProjectConfigurationPlatforms) = postSolution
		{7F4F0B90-6BA0-4095-A83F-13EFDCC1C39D}.Debug|Any CPU.ActiveCfg = Debug|Any CPU
		{7F4F0B90-6BA0-4095-A83F-13EFDCC1C39D}.Debug|Any CPU.Build.0 = Debug|Any CPU
		{7F4F0B90-6BA0-4095-A83F-13EFDCC1C39D}.Release|Any CPU.ActiveCfg = Release|Any CPU
		{7F4F0B90-6BA0-4095-A83F-13EFDCC1C39D}.Release|Any CPU.Build.0 = Release|Any CPU
	EndGlobalSection
	GlobalSection(SolutionProperties) = preSolution
		HideSolutionNode = FALSE
	EndGlobalSection
	GlobalSection(ExtensibilityGlobals) = postSolution
		SolutionGuid = {E437AC22-8423-4E27-B1AC-172508E2CD61}
	EndGlobalSection
EndGlobal
